// !$*UTF8*$!
{
	archiveVersion = 1;
	classes = {
	};
	objectVersion = 46;
	objects = {

/* Begin PBXBuildFile section */
		D6357E071AC115A400AD9F90 /* HashADT.cpp in Sources */ = {isa = PBXBuildFile; fileRef = D6357E051AC115A400AD9F90 /* HashADT.cpp */; };
		D6357E0A1AC1163C00AD9F90 /* OtherFunctions.cpp in Sources */ = {isa = PBXBuildFile; fileRef = D6357E081AC1163C00AD9F90 /* OtherFunctions.cpp */; };
		D699A8301ABF6D17004AE275 /* main.cpp in Sources */ = {isa = PBXBuildFile; fileRef = D699A82F1ABF6D17004AE275 /* main.cpp */; };
/* End PBXBuildFile section */

/* Begin PBXCopyFilesBuildPhase section */
		D699A82A1ABF6D17004AE275 /* CopyFiles */ = {
			isa = PBXCopyFilesBuildPhase;
			buildActionMask = 2147483647;
			dstPath = /usr/share/man/man1/;
			dstSubfolderSpec = 0;
			files = (
			);
			runOnlyForDeploymentPostprocessing = 1;
		};
/* End PBXCopyFilesBuildPhase section */

/* Begin PBXFileReference section */
		D6357E051AC115A400AD9F90 /* HashADT.cpp */ = {isa = PBXFileReference; fileEncoding = 4; lastKnownFileType = sourcecode.cpp.cpp; path = HashADT.cpp; sourceTree = "<group>"; };
		D6357E061AC115A400AD9F90 /* HashADT.h */ = {isa = PBXFileReference; fileEncoding = 4; lastKnownFileType = sourcecode.c.h; path = HashADT.h; sourceTree = "<group>"; };
		D6357E081AC1163C00AD9F90 /* OtherFunctions.cpp */ = {isa = PBXFileReference; fileEncoding = 4; lastKnownFileType = sourcecode.cpp.cpp; path = OtherFunctions.cpp; sourceTree = "<group>"; };
		D6357E091AC1163C00AD9F90 /* OtherFunctions.h */ = {isa = PBXFileReference; fileEncoding = 4; lastKnownFileType = sourcecode.c.h; path = OtherFunctions.h; sourceTree = "<group>"; };
		D6357E0B1AC1168A00AD9F90 /* Common.h */ = {isa = PBXFileReference; fileEncoding = 4; lastKnownFileType = sourcecode.c.h; path = Common.h; sourceTree = "<group>"; };
		D699A82C1ABF6D17004AE275 /* townsendpeters-prog */ = {isa = PBXFileReference; explicitFileType = "compiled.mach-o.executable"; includeInIndex = 0; path = "townsendpeters-prog"; sourceTree = BUILT_PRODUCTS_DIR; };
		D699A82F1ABF6D17004AE275 /* main.cpp */ = {isa = PBXFileReference; lastKnownFileType = sourcecode.cpp.cpp; path = main.cpp; sourceTree = "<group>"; };
/* End PBXFileReference section */

/* Begin PBXFrameworksBuildPhase section */
		D699A8291ABF6D17004AE275 /* Frameworks */ = {
			isa = PBXFrameworksBuildPhase;
			buildActionMask = 2147483647;
			files = (
			);
			runOnlyForDeploymentPostprocessing = 0;
		};
/* End PBXFrameworksBuildPhase section */

/* Begin PBXGroup section */
		D699A8231ABF6D17004AE275 = {
			isa = PBXGroup;
			children = (
				D699A82E1ABF6D17004AE275 /* townsendpeters-prog */,
				D699A82D1ABF6D17004AE275 /* Products */,
			);
			sourceTree = "<group>";
		};
		D699A82D1ABF6D17004AE275 /* Products */ = {
			isa = PBXGroup;
			children = (
				D699A82C1ABF6D17004AE275 /* townsendpeters-prog */,
			);
			name = Products;
			sourceTree = "<group>";
		};
		D699A82E1ABF6D17004AE275 /* townsendpeters-prog */ = {
			isa = PBXGroup;
			children = (
				D699A82F1ABF6D17004AE275 /* main.cpp */,
				D6357E0B1AC1168A00AD9F90 /* Common.h */,
				D6357E051AC115A400AD9F90 /* HashADT.cpp */,
				D6357E061AC115A400AD9F90 /* HashADT.h */,
				D6357E081AC1163C00AD9F90 /* OtherFunctions.cpp */,
				D6357E091AC1163C00AD9F90 /* OtherFunctions.h */,
			);
			path = "townsendpeters-prog";
			sourceTree = "<group>";
		};
/* End PBXGroup section */

/* Begin PBXNativeTarget section */
		D699A82B1ABF6D17004AE275 /* townsendpeters-prog */ = {
			isa = PBXNativeTarget;
			buildConfigurationList = D699A8331ABF6D17004AE275 /* Build configuration list for PBXNativeTarget "townsendpeters-prog" */;
			buildPhases = (
				D699A8281ABF6D17004AE275 /* Sources */,
				D699A8291ABF6D17004AE275 /* Frameworks */,
				D699A82A1ABF6D17004AE275 /* CopyFiles */,
			);
			buildRules = (
			);
			dependencies = (
			);
			name = "townsendpeters-prog";
			productName = "townsendpeters-prog";
			productReference = D699A82C1ABF6D17004AE275 /* townsendpeters-prog */;
			productType = "com.apple.product-type.tool";
		};
/* End PBXNativeTarget section */

/* Begin PBXProject section */
		D699A8241ABF6D17004AE275 /* Project object */ = {
			isa = PBXProject;
			attributes = {
				LastUpgradeCheck = 0610;
				ORGANIZATIONNAME = nrtownsend;
				TargetAttributes = {
					D699A82B1ABF6D17004AE275 = {
						CreatedOnToolsVersion = 6.1.1;
					};
				};
			};
			buildConfigurationList = D699A8271ABF6D17004AE275 /* Build configuration list for PBXProject "townsendpeters-prog" */;
			compatibilityVersion = "Xcode 3.2";
			developmentRegion = English;
			hasScannedForEncodings = 0;
			knownRegions = (
				en,
			);
			mainGroup = D699A8231ABF6D17004AE275;
			productRefGroup = D699A82D1ABF6D17004AE275 /* Products */;
			projectDirPath = "";
			projectRoot = "";
			targets = (
				D699A82B1ABF6D17004AE275 /* townsendpeters-prog */,
			);
		};
/* End PBXProject section */

/* Begin PBXSourcesBuildPhase section */
		D699A8281ABF6D17004AE275 /* Sources */ = {
			isa = PBXSourcesBuildPhase;
			buildActionMask = 2147483647;
			files = (
				D699A8301ABF6D17004AE275 /* main.cpp in Sources */,
				D6357E0A1AC1163C00AD9F90 /* OtherFunctions.cpp in Sources */,
				D6357E071AC115A400AD9F90 /* HashADT.cpp in Sources */,
			);
			runOnlyForDeploymentPostprocessing = 0;
		};
/* End PBXSourcesBuildPhase section */

/* Begin XCBuildConfiguration section */
		D699A8311ABF6D17004AE275 /* Debug */ = {
			isa = XCBuildConfiguration;
			buildSettings = {
				ALWAYS_SEARCH_USER_PATHS = NO;
				CLANG_CXX_LANGUAGE_STANDARD = "gnu++0x";
				CLANG_CXX_LIBRARY = "libc++";
				CLANG_ENABLE_MODULES = YES;
				CLANG_ENABLE_OBJC_ARC = YES;
				CLANG_WARN_BOOL_CONVERSION = YES;
				CLANG_WARN_CONSTANT_CONVERSION = YES;
				CLANG_WARN_DIRECT_OBJC_ISA_USAGE = YES_ERROR;
				CLANG_WARN_EMPTY_BODY = YES;
				CLANG_WARN_ENUM_CONVERSION = YES;
				CLANG_WARN_INT_CONVERSION = YES;
				CLANG_WARN_OBJC_ROOT_CLASS = YES_ERROR;
				CLANG_WARN_UNREACHABLE_CODE = YES;
				CLANG_WARN__DUPLICATE_METHOD_MATCH = YES;
				COPY_PHASE_STRIP = NO;
				ENABLE_STRICT_OBJC_MSGSEND = YES;
				GCC_C_LANGUAGE_STANDARD = gnu99;
				GCC_DYNAMIC_NO_PIC = NO;
				GCC_OPTIMIZATION_LEVEL = 0;
				GCC_PREPROCESSOR_DEFINITIONS = (
					"DEBUG=1",
					"$(inherited)",
				);
				GCC_SYMBOLS_PRIVATE_EXTERN = NO;
				GCC_WARN_64_TO_32_BIT_CONVERSION = YES;
				GCC_WARN_ABOUT_RETURN_TYPE = YES_ERROR;
				GCC_WARN_UNDECLARED_SELECTOR = YES;
				GCC_WARN_UNINITIALIZED_AUTOS = YES_AGGRESSIVE;
				GCC_WARN_UNUSED_FUNCTION = YES;
				GCC_WARN_UNUSED_VARIABLE = YES;
				MACOSX_DEPLOYMENT_TARGET = 10.10;
				MTL_ENABLE_DEBUG_INFO = YES;
				ONLY_ACTIVE_ARCH = YES;
				SDKROOT = macosx;
			};
			name = Debug;
		};
		D699A8321ABF6D17004AE275 /* Release */ = {
			isa = XCBuildConfiguration;
			buildSettings = {
				ALWAYS_SEARCH_USER_PATHS = NO;
				CLANG_CXX_LANGUAGE_STANDARD = "gnu++0x";
				CLANG_CXX_LIBRARY = "libc++";
				CLANG_ENABLE_MODULES = YES;
				CLANG_ENABLE_OBJC_ARC = YES;
				CLANG_WARN_BOOL_CONVERSION = YES;
				CLANG_WARN_CONSTANT_CONVERSION = YES;
				CLANG_WARN_DIRECT_OBJC_ISA_USAGE = YES_ERROR;
				CLANG_WARN_EMPTY_BODY = YES;
				CLANG_WARN_ENUM_CONVERSION = YES;
				CLANG_WARN_INT_CONVERSION = YES;
				CLANG_WARN_OBJC_ROOT_CLASS = YES_ERROR;
				CLANG_WARN_UNREACHABLE_CODE = YES;
				CLANG_WARN__DUPLICATE_METHOD_MATCH = YES;
				COPY_PHASE_STRIP = YES;
				DEBUG_INFORMATION_FORMAT = "dwarf-with-dsym";
				ENABLE_NS_ASSERTIONS = NO;
				ENABLE_STRICT_OBJC_MSGSEND = YES;
				GCC_C_LANGUAGE_STANDARD = gnu99;
				GCC_WARN_64_TO_32_BIT_CONVERSION = YES;
				GCC_WARN_ABOUT_RETURN_TYPE = YES_ERROR;
				GCC_WARN_UNDECLARED_SELECTOR = YES;
				GCC_WARN_UNINITIALIZED_AUTOS = YES_AGGRESSIVE;
				GCC_WARN_UNUSED_FUNCTION = YES;
				GCC_WARN_UNUSED_VARIABLE = YES;
				MACOSX_DEPLOYMENT_TARGET = 10.10;
				MTL_ENABLE_DEBUG_INFO = NO;
				SDKROOT = macosx;
			};
			name = Release;
		};
		D699A8341ABF6D17004AE275 /* Debug */ = {
			isa = XCBuildConfiguration;
			buildSettings = {
				PRODUCT_NAME = "$(TARGET_NAME)";
			};
			name = Debug;
		};
		D699A8351ABF6D17004AE275 /* Release */ = {
			isa = XCBuildConfiguration;
			buildSettings = {
				PRODUCT_NAME = "$(TARGET_NAME)";
			};
			name = Release;
		};
/* End XCBuildConfiguration section */

/* Begin XCConfigurationList section */
		D699A8271ABF6D17004AE275 /* Build configuration list for PBXProject "townsendpeters-prog" */ = {
			isa = XCConfigurationList;
			buildConfigurations = (
				D699A8311ABF6D17004AE275 /* Debug */,
				D699A8321ABF6D17004AE275 /* Release */,
			);
			defaultConfigurationIsVisible = 0;
			defaultConfigurationName = Release;
		};
		D699A8331ABF6D17004AE275 /* Build configuration list for PBXNativeTarget "townsendpeters-prog" */ = {
			isa = XCConfigurationList;
			buildConfigurations = (
				D699A8341ABF6D17004AE275 /* Debug */,
				D699A8351ABF6D17004AE275 /* Release */,
			);
			defaultConfigurationIsVisible = 0;
			defaultConfigurationName = Release;
		};
/* End XCConfigurationList section */
	};
	rootObject = D699A8241ABF6D17004AE275 /* Project object */;
}
